
Microsoft Visual Studio Solution File, Format Version 12.00
# Visual Studio 15
VisualStudioVersion = 15.0.28307.136
MinimumVisualStudioVersion = 10.0.40219.1
Project("{FAE04EC0-301F-11D3-BF4B-00C04F79EFBC}") = "DO AN", "DO AN\DO AN.csproj", "{D525FA95-A197-4917-80C5-389920783809}"
EndProject
Project("{FAE04EC0-301F-11D3-BF4B-00C04F79EFBC}") = "TTSapXep", "..\..\..\Desktop\Demo\DemoCacPhuongPhapSapXep\TTSapXep\TTSapXep.csproj", "{2ADD8BC2-3D6E-487F-AFAC-BD168766E78F}"
EndProject
Global
	GlobalSection(SolutionConfigurationPlatforms) = preSolution
		Debug|Any CPU = Debug|Any CPU
		Release|Any CPU = Release|Any CPU
	EndGlobalSection
	GlobalSection(ProjectConfigurationPlatforms) = postSolution
		{D525FA95-A197-4917-80C5-389920783809}.Debug|Any CPU.ActiveCfg = Debug|Any CPU
		{D525FA95-A197-4917-80C5-389920783809}.Debug|Any CPU.Build.0 = Debug|Any CPU
		{D525FA95-A197-4917-80C5-389920783809}.Release|Any CPU.ActiveCfg = Release|Any CPU
		{D525FA95-A197-4917-80C5-389920783809}.Release|Any CPU.Build.0 = Release|Any CPU
		{2ADD8BC2-3D6E-487F-AFAC-BD168766E78F}.Debug|Any CPU.ActiveCfg = Debug|Any CPU
		{2ADD8BC2-3D6E-487F-AFAC-BD168766E78F}.Debug|Any CPU.Build.0 = Debug|Any CPU
		{2ADD8BC2-3D6E-487F-AFAC-BD168766E78F}.Release|Any CPU.ActiveCfg = Release|Any CPU
		{2ADD8BC2-3D6E-487F-AFAC-BD168766E78F}.Release|Any CPU.Build.0 = Release|Any CPU
	EndGlobalSection
	GlobalSection(SolutionProperties) = preSolution
		HideSolutionNode = FALSE
	EndGlobalSection
	GlobalSection(ExtensibilityGlobals) = postSolution
		SolutionGuid = {AD6C9728-D2E3-4C48-909E-46C98BF93D95}
	EndGlobalSection
EndGlobal
